github.com/ctx42/convert v0.1.0 h1:8im+aV8Wvvbd2eD26QblH1R4dPKX5sS/XuSAT5EdgVY=
github.com/ctx42/convert v0.1.0/go.mod h1:GGFkgZ/Wa/MRlqQkhWl1iBOli9/8PyrhjWGYz8nJBpA=
github.com/ctx42/convert v0.2.0 h1:dBOZfp6p4yVmtRmC7Q0gjyTWC1aXzwRTZBJGtFo7p+4=
github.com/ctx42/convert v0.2.0/go.mod h1:GGFkgZ/Wa/MRlqQkhWl1iBOli9/8PyrhjWGYz8nJBpA=
github.com/ctx42/convert v0.3.0 h1:ErTQt7GogIMOID6+HJBXQoQqfeb0HuGWn4fSkUOh+yo=
github.com/ctx42/convert v0.3.0/go.mod h1:GGFkgZ/Wa/MRlqQkhWl1iBOli9/8PyrhjWGYz8nJBpA=
github.com/ctx42/convert v0.4.0 h1:eYuSyIZoLsmR2mqF8QFOaYNzZiy62O2PnMurdgB62SI=
github.com/ctx42/convert v0.4.0/go.mod h1:GGFkgZ/Wa/MRlqQkhWl1iBOli9/8PyrhjWGYz8nJBpA=
github.com/ctx42/convert v0.5.0 h1:bhL84fdwwAlztObY2ujv9CYXdkFmKm4NOYH2b3NmXYo=
github.com/ctx42/convert v0.5.0/go.mod h1:GGFkgZ/Wa/MRlqQkhWl1iBOli9/8PyrhjWGYz8nJBpA=
github.com/ctx42/convert v0.6.0 h1:n443zmbV4NpHAUA1UAR38ONDmJbDN5UrQnevtuOUkhY=
github.com/ctx42/convert v0.6.0/go.mod h1:GGFkgZ/Wa/MRlqQkhWl1iBOli9/8PyrhjWGYz8nJBpA=
github.com/ctx42/convert v0.7.1 h1:2ETYplhsJXHioyOzQP5u6YsxDOtZjhyXJJTrW6xiYgQ=
github.com/ctx42/convert v0.7.1/go.mod h1:Oz99LM3ZYYoCItvU4liVc14i6a3TBYOhVylLGj1eoNc=
github.com/ctx42/convert v0.8.0 h1:o9pHxBVcqJb1z+VBxvHuZqn888vdUQNf6Ap6Eyq9e4o=
github.com/ctx42/convert v0.8.0/go.mod h1:Oz99LM3ZYYoCItvU4liVc14i6a3TBYOhVylLGj1eoNc=
github.com/ctx42/testing v0.43.0 h1:xUeUuY6vfLjammu19KiJBJvQmrzQNMv5GBmaKEk59sw=
github.com/ctx42/testing v0.43.0/go.mod h1:VHcxY4uhZQ8Lewevgmc9WHjJQc9CopJm9IAOTK5XbaM=
github.com/ctx42/testing v0.44.0 h1:2qQvcRXdK5cmpo2nFnkuAs+UXqMaqAsOtSGFYUmUF9o=
github.com/ctx42/testing v0.44.0/go.mod h1:VHcxY4uhZQ8Lewevgmc9WHjJQc9CopJm9IAOTK5XbaM=
